
Microsoft Visual Studio Solution File, Format Version 12.00
# Visual Studio Version 16
VisualStudioVersion = 16.0.31729.503
MinimumVisualStudioVersion = 10.0.40219.1
Project("{9A19103F-16F7-4668-BE54-9A1E7A4F7556}") = "UnityCraft.Core.Graphics.Textures", "UnityCraft.Core.Graphics.Textures\UnityCraft.Core.Graphics.Textures.csproj", "{F81CC481-FFA6-4864-A85D-B82813C7294F}"
EndProject
Project("{9A19103F-16F7-4668-BE54-9A1E7A4F7556}") = "UnityCraft.Core", "UnityCraft.Core\UnityCraft.Core.csproj", "{55C75159-874B-42AF-A666-CA660CD46552}"
EndProject
Project("{FAE04EC0-301F-11D3-BF4B-00C04F79EFBC}") = "UnityCraft.Core.Graphics.Models", "UnityCraft.Core.Graphics.Models\UnityCraft.Core.Graphics.Models.csproj", "{569E456A-E76C-41B6-B2B1-FDEB428A461E}"
EndProject
Global
	GlobalSection(SolutionConfigurationPlatforms) = preSolution
		Debug|Any CPU = Debug|Any CPU
		Release|Any CPU = Release|Any CPU
	EndGlobalSection
	GlobalSection(ProjectConfigurationPlatforms) = postSolution
		{F81CC481-FFA6-4864-A85D-B82813C7294F}.Debug|Any CPU.ActiveCfg = Debug|Any CPU
		{F81CC481-FFA6-4864-A85D-B82813C7294F}.Debug|Any CPU.Build.0 = Debug|Any CPU
		{F81CC481-FFA6-4864-A85D-B82813C7294F}.Release|Any CPU.ActiveCfg = Release|Any CPU
		{F81CC481-FFA6-4864-A85D-B82813C7294F}.Release|Any CPU.Build.0 = Release|Any CPU
		{55C75159-874B-42AF-A666-CA660CD46552}.Debug|Any CPU.ActiveCfg = Debug|Any CPU
		{55C75159-874B-42AF-A666-CA660CD46552}.Debug|Any CPU.Build.0 = Debug|Any CPU
		{55C75159-874B-42AF-A666-CA660CD46552}.Release|Any CPU.ActiveCfg = Release|Any CPU
		{55C75159-874B-42AF-A666-CA660CD46552}.Release|Any CPU.Build.0 = Release|Any CPU
		{569E456A-E76C-41B6-B2B1-FDEB428A461E}.Debug|Any CPU.ActiveCfg = Debug|Any CPU
		{569E456A-E76C-41B6-B2B1-FDEB428A461E}.Debug|Any CPU.Build.0 = Debug|Any CPU
		{569E456A-E76C-41B6-B2B1-FDEB428A461E}.Release|Any CPU.ActiveCfg = Release|Any CPU
		{569E456A-E76C-41B6-B2B1-FDEB428A461E}.Release|Any CPU.Build.0 = Release|Any CPU
	EndGlobalSection
	GlobalSection(SolutionProperties) = preSolution
		HideSolutionNode = FALSE
	EndGlobalSection
	GlobalSection(ExtensibilityGlobals) = postSolution
		SolutionGuid = {669AB7DB-CB0D-443D-9005-9C6B824A2A56}
	EndGlobalSection
EndGlobal
